// !$*UTF8*$!
{
	archiveVersion = 1;
	classes = {
	};
	objectVersion = 46;
	objects = {

/* Begin PBXBuildFile section */
		1B09DAB81CCF15BE00874F28 /* Alpha_TerriersTests.swift in Sources */ = {isa = PBXBuildFile; fileRef = 1B09DAB71CCF15BE00874F28 /* Alpha_TerriersTests.swift */; };
		1B09DAC31CCF15BE00874F28 /* Alpha_TerriersUITests.swift in Sources */ = {isa = PBXBuildFile; fileRef = 1B09DAC21CCF15BE00874F28 /* Alpha_TerriersUITests.swift */; };
		1B09DB011CCF18D400874F28 /* CoreLocation.framework in Frameworks */ = {isa = PBXBuildFile; fileRef = 1B09DB001CCF18D400874F28 /* CoreLocation.framework */; };
		1B09DB051CCF18ED00874F28 /* SystemConfiguration.framework in Frameworks */ = {isa = PBXBuildFile; fileRef = 1B09DB041CCF18ED00874F28 /* SystemConfiguration.framework */; };
		1B09DB071CCF18FE00874F28 /* Foundation.framework in Frameworks */ = {isa = PBXBuildFile; fileRef = 1B09DB061CCF18FE00874F28 /* Foundation.framework */; };
		1B09DB091CCF190900874F28 /* UIKit.framework in Frameworks */ = {isa = PBXBuildFile; fileRef = 1B09DB081CCF190900874F28 /* UIKit.framework */; };
		1B09DB0B1CCF191000874F28 /* AddressBook.framework in Frameworks */ = {isa = PBXBuildFile; fileRef = 1B09DB0A1CCF191000874F28 /* AddressBook.framework */; };
		1B09DB0D1CCF192D00874F28 /* CoreMotion.framework in Frameworks */ = {isa = PBXBuildFile; fileRef = 1B09DB0C1CCF192C00874F28 /* CoreMotion.framework */; };
		1B09DB0F1CCF193100874F28 /* Security.framework in Frameworks */ = {isa = PBXBuildFile; fileRef = 1B09DB0E1CCF193100874F28 /* Security.framework */; };
		1B09DB111CCF193A00874F28 /* MediaPlayer.framework in Frameworks */ = {isa = PBXBuildFile; fileRef = 1B09DB101CCF193A00874F28 /* MediaPlayer.framework */; };
		1B09DB131CCF193E00874F28 /* AssetsLibrary.framework in Frameworks */ = {isa = PBXBuildFile; fileRef = 1B09DB121CCF193E00874F28 /* AssetsLibrary.framework */; };
		1B09DB191CCF198E00874F28 /* libz.tbd in Frameworks */ = {isa = PBXBuildFile; fileRef = 1B09DB181CCF198E00874F28 /* libz.tbd */; };
		1B09DB1B1CCF19A200874F28 /* libsqlite3.tbd in Frameworks */ = {isa = PBXBuildFile; fileRef = 1B09DB1A1CCF19A200874F28 /* libsqlite3.tbd */; };
		1B09DB261CCF1E3400874F28 /* AWSMobileHubHelper.framework in Frameworks */ = {isa = PBXBuildFile; fileRef = 1B09DB251CCF1E3400874F28 /* AWSMobileHubHelper.framework */; };
		1B09DB281CCF1E4200874F28 /* GoogleSignIn.framework in Frameworks */ = {isa = PBXBuildFile; fileRef = 1B09DB271CCF1E4200874F28 /* GoogleSignIn.framework */; };
		1B09DB2A1CCF1E6600874F28 /* AWSCore.framework in Frameworks */ = {isa = PBXBuildFile; fileRef = 1B09DB291CCF1E6600874F28 /* AWSCore.framework */; };
		1B09DB2B1CCF1E6600874F28 /* AWSCore.framework in Embed Frameworks */ = {isa = PBXBuildFile; fileRef = 1B09DB291CCF1E6600874F28 /* AWSCore.framework */; settings = {ATTRIBUTES = (CodeSignOnCopy, RemoveHeadersOnCopy, ); }; };
		1B09DB2D1CCF1E7B00874F28 /* AWSLambda.framework in Frameworks */ = {isa = PBXBuildFile; fileRef = 1B09DB2C1CCF1E7B00874F28 /* AWSLambda.framework */; };
		1B09DB2E1CCF1E7B00874F28 /* AWSLambda.framework in Embed Frameworks */ = {isa = PBXBuildFile; fileRef = 1B09DB2C1CCF1E7B00874F28 /* AWSLambda.framework */; settings = {ATTRIBUTES = (CodeSignOnCopy, RemoveHeadersOnCopy, ); }; };
		1B09DB451CCF1E9F00874F28 /* AmazonAws in Resources */ = {isa = PBXBuildFile; fileRef = 1B09DB301CCF1E9F00874F28 /* AmazonAws */; };
		1B09DB461CCF1E9F00874F28 /* AppDelegate.swift in Sources */ = {isa = PBXBuildFile; fileRef = 1B09DB311CCF1E9F00874F28 /* AppDelegate.swift */; };
		1B09DB471CCF1E9F00874F28 /* Assets.xcassets in Resources */ = {isa = PBXBuildFile; fileRef = 1B09DB321CCF1E9F00874F28 /* Assets.xcassets */; };
		1B09DB481CCF1E9F00874F28 /* Base.lproj in Resources */ = {isa = PBXBuildFile; fileRef = 1B09DB331CCF1E9F00874F28 /* Base.lproj */; };
		1B09DB491CCF1E9F00874F28 /* ButtonFunctions.cpp in Sources */ = {isa = PBXBuildFile; fileRef = 1B09DB341CCF1E9F00874F28 /* ButtonFunctions.cpp */; };
		1B09DB4A1CCF1E9F00874F28 /* ClientClass.cpp in Sources */ = {isa = PBXBuildFile; fileRef = 1B09DB361CCF1E9F00874F28 /* ClientClass.cpp */; };
		1B09DB4B1CCF1E9F00874F28 /* Images in Resources */ = {isa = PBXBuildFile; fileRef = 1B09DB381CCF1E9F00874F28 /* Images */; };
		1B09DB4C1CCF1E9F00874F28 /* Info.plist in Resources */ = {isa = PBXBuildFile; fileRef = 1B09DB391CCF1E9F00874F28 /* Info.plist */; };
		1B09DB4D1CCF1E9F00874F28 /* Launch Screen.storyboard in Resources */ = {isa = PBXBuildFile; fileRef = 1B09DB3A1CCF1E9F00874F28 /* Launch Screen.storyboard */; };
		1B09DB4E1CCF1E9F00874F28 /* LocationChallengeViewController.swift in Sources */ = {isa = PBXBuildFile; fileRef = 1B09DB3B1CCF1E9F00874F28 /* LocationChallengeViewController.swift */; };
		1B09DB4F1CCF1E9F00874F28 /* LocationDisplayViewController.swift in Sources */ = {isa = PBXBuildFile; fileRef = 1B09DB3C1CCF1E9F00874F28 /* LocationDisplayViewController.swift */; };
		1B09DB501CCF1E9F00874F28 /* LocationQuestionViewController.swift in Sources */ = {isa = PBXBuildFile; fileRef = 1B09DB3D1CCF1E9F00874F28 /* LocationQuestionViewController.swift */; };
		1B09DB511CCF1E9F00874F28 /* Main.storyboard in Resources */ = {isa = PBXBuildFile; fileRef = 1B09DB3E1CCF1E9F00874F28 /* Main.storyboard */; };
		1B09DB521CCF1E9F00874F28 /* MainViewController.swift in Sources */ = {isa = PBXBuildFile; fileRef = 1B09DB3F1CCF1E9F00874F28 /* MainViewController.swift */; };
		1B09DB531CCF1E9F00874F28 /* Sdk in Resources */ = {isa = PBXBuildFile; fileRef = 1B09DB401CCF1E9F00874F28 /* Sdk */; };
		1B09DB541CCF1E9F00874F28 /* SignIn.storyboard in Resources */ = {isa = PBXBuildFile; fileRef = 1B09DB411CCF1E9F00874F28 /* SignIn.storyboard */; };
		1B09DB551CCF1E9F00874F28 /* SignInViewController.swift in Sources */ = {isa = PBXBuildFile; fileRef = 1B09DB421CCF1E9F00874F28 /* SignInViewController.swift */; };
		1B09DB561CCF1E9F00874F28 /* UtilityFunctions.swift in Sources */ = {isa = PBXBuildFile; fileRef = 1B09DB431CCF1E9F00874F28 /* UtilityFunctions.swift */; };
		1B09DB571CCF1E9F00874F28 /* ViewController.swift in Sources */ = {isa = PBXBuildFile; fileRef = 1B09DB441CCF1E9F00874F28 /* ViewController.swift */; };
		1B09DB591CCF1F7100874F28 /* AWSMobileClient.swift in Sources */ = {isa = PBXBuildFile; fileRef = 1B09DB581CCF1F7100874F28 /* AWSMobileClient.swift */; };
		1B09DB5A1CCF223A00874F28 /* StoreKit.framework in Frameworks */ = {isa = PBXBuildFile; fileRef = 1B09DB021CCF18DD00874F28 /* StoreKit.framework */; };
		1B3DB7791CD007C1008EABC5 /* Images.xcassets in Resources */ = {isa = PBXBuildFile; fileRef = 1B3DB7781CD007C1008EABC5 /* Images.xcassets */; };
		1B3DB77B1CD00BBB008EABC5 /* MapKit.framework in Frameworks */ = {isa = PBXBuildFile; fileRef = 1B3DB77A1CD00BBB008EABC5 /* MapKit.framework */; };
		1B3DB77D1CD01C6D008EABC5 /* LeaderboardViewController.swift in Sources */ = {isa = PBXBuildFile; fileRef = 1B3DB77C1CD01C6D008EABC5 /* LeaderboardViewController.swift */; };
/* End PBXBuildFile section */

/* Begin PBXContainerItemProxy section */
		1B09DAB41CCF15BD00874F28 /* PBXContainerItemProxy */ = {
			isa = PBXContainerItemProxy;
			containerPortal = 1B09DA971CCF15BD00874F28 /* Project object */;
			proxyType = 1;
			remoteGlobalIDString = 1B09DA9E1CCF15BD00874F28;
			remoteInfo = "Alpha Terriers";
		};
		1B09DABF1CCF15BE00874F28 /* PBXContainerItemProxy */ = {
			isa = PBXContainerItemProxy;
			containerPortal = 1B09DA971CCF15BD00874F28 /* Project object */;
			proxyType = 1;
			remoteGlobalIDString = 1B09DA9E1CCF15BD00874F28;
			remoteInfo = "Alpha Terriers";
		};
/* End PBXContainerItemProxy section */

/* Begin PBXCopyFilesBuildPhase section */
		1B09DAFC1CCF18BA00874F28 /* Embed Frameworks */ = {
			isa = PBXCopyFilesBuildPhase;
			buildActionMask = 2147483647;
			dstPath = "";
			dstSubfolderSpec = 10;
			files = (
				1B09DB2B1CCF1E6600874F28 /* AWSCore.framework in Embed Frameworks */,
				1B09DB2E1CCF1E7B00874F28 /* AWSLambda.framework in Embed Frameworks */,
			);
			name = "Embed Frameworks";
			runOnlyForDeploymentPostprocessing = 0;
		};
/* End PBXCopyFilesBuildPhase section */

/* Begin PBXFileReference section */
		1B09DA9F1CCF15BD00874F28 /* Alpha Terriers.app */ = {isa = PBXFileReference; explicitFileType = wrapper.application; includeInIndex = 0; path = "Alpha Terriers.app"; sourceTree = BUILT_PRODUCTS_DIR; };
		1B09DAB31CCF15BD00874F28 /* Alpha TerriersTests.xctest */ = {isa = PBXFileReference; explicitFileType = wrapper.cfbundle; includeInIndex = 0; path = "Alpha TerriersTests.xctest"; sourceTree = BUILT_PRODUCTS_DIR; };
		1B09DAB71CCF15BE00874F28 /* Alpha_TerriersTests.swift */ = {isa = PBXFileReference; lastKnownFileType = sourcecode.swift; path = Alpha_TerriersTests.swift; sourceTree = "<group>"; };
		1B09DAB91CCF15BE00874F28 /* Info.plist */ = {isa = PBXFileReference; lastKnownFileType = text.plist.xml; path = Info.plist; sourceTree = "<group>"; };
		1B09DABE1CCF15BE00874F28 /* Alpha TerriersUITests.xctest */ = {isa = PBXFileReference; explicitFileType = wrapper.cfbundle; includeInIndex = 0; path = "Alpha TerriersUITests.xctest"; sourceTree = BUILT_PRODUCTS_DIR; };
		1B09DAC21CCF15BE00874F28 /* Alpha_TerriersUITests.swift */ = {isa = PBXFileReference; lastKnownFileType = sourcecode.swift; path = Alpha_TerriersUITests.swift; sourceTree = "<group>"; };
		1B09DAC41CCF15BE00874F28 /* Info.plist */ = {isa = PBXFileReference; lastKnownFileType = text.plist.xml; path = Info.plist; sourceTree = "<group>"; };
		1B09DB001CCF18D400874F28 /* CoreLocation.framework */ = {isa = PBXFileReference; lastKnownFileType = wrapper.framework; name = CoreLocation.framework; path = System/Library/Frameworks/CoreLocation.framework; sourceTree = SDKROOT; };
		1B09DB021CCF18DD00874F28 /* StoreKit.framework */ = {isa = PBXFileReference; lastKnownFileType = wrapper.framework; name = StoreKit.framework; path = System/Library/Frameworks/StoreKit.framework; sourceTree = SDKROOT; };
		1B09DB041CCF18ED00874F28 /* SystemConfiguration.framework */ = {isa = PBXFileReference; lastKnownFileType = wrapper.framework; name = SystemConfiguration.framework; path = System/Library/Frameworks/SystemConfiguration.framework; sourceTree = SDKROOT; };
		1B09DB061CCF18FE00874F28 /* Foundation.framework */ = {isa = PBXFileReference; lastKnownFileType = wrapper.framework; name = Foundation.framework; path = System/Library/Frameworks/Foundation.framework; sourceTree = SDKROOT; };
		1B09DB081CCF190900874F28 /* UIKit.framework */ = {isa = PBXFileReference; lastKnownFileType = wrapper.framework; name = UIKit.framework; path = System/Library/Frameworks/UIKit.framework; sourceTree = SDKROOT; };
		1B09DB0A1CCF191000874F28 /* AddressBook.framework */ = {isa = PBXFileReference; lastKnownFileType = wrapper.framework; name = AddressBook.framework; path = System/Library/Frameworks/AddressBook.framework; sourceTree = SDKROOT; };
		1B09DB0C1CCF192C00874F28 /* CoreMotion.framework */ = {isa = PBXFileReference; lastKnownFileType = wrapper.framework; name = CoreMotion.framework; path = System/Library/Frameworks/CoreMotion.framework; sourceTree = SDKROOT; };
		1B09DB0E1CCF193100874F28 /* Security.framework */ = {isa = PBXFileReference; lastKnownFileType = wrapper.framework; name = Security.framework; path = System/Library/Frameworks/Security.framework; sourceTree = SDKROOT; };
		1B09DB101CCF193A00874F28 /* MediaPlayer.framework */ = {isa = PBXFileReference; lastKnownFileType = wrapper.framework; name = MediaPlayer.framework; path = System/Library/Frameworks/MediaPlayer.framework; sourceTree = SDKROOT; };
		1B09DB121CCF193E00874F28 /* AssetsLibrary.framework */ = {isa = PBXFileReference; lastKnownFileType = wrapper.framework; name = AssetsLibrary.framework; path = System/Library/Frameworks/AssetsLibrary.framework; sourceTree = SDKROOT; };
		1B09DB181CCF198E00874F28 /* libz.tbd */ = {isa = PBXFileReference; lastKnownFileType = "sourcecode.text-based-dylib-definition"; name = libz.tbd; path = usr/lib/libz.tbd; sourceTree = SDKROOT; };
		1B09DB1A1CCF19A200874F28 /* libsqlite3.tbd */ = {isa = PBXFileReference; lastKnownFileType = "sourcecode.text-based-dylib-definition"; name = libsqlite3.tbd; path = usr/lib/libsqlite3.tbd; sourceTree = SDKROOT; };
		1B09DB251CCF1E3400874F28 /* AWSMobileHubHelper.framework */ = {isa = PBXFileReference; lastKnownFileType = wrapper.framework; name = AWSMobileHubHelper.framework; path = AlphaTerriers/AmazonAws/AWSMobileHubHelper.framework; sourceTree = "<group>"; };
		1B09DB271CCF1E4200874F28 /* GoogleSignIn.framework */ = {isa = PBXFileReference; lastKnownFileType = wrapper.framework; name = GoogleSignIn.framework; path = AlphaTerriers/Sdk/Google/GoogleSignIn.framework; sourceTree = "<group>"; };
		1B09DB291CCF1E6600874F28 /* AWSCore.framework */ = {isa = PBXFileReference; lastKnownFileType = wrapper.framework; name = AWSCore.framework; path = AlphaTerriers/Sdk/Aws/AWSCore.framework; sourceTree = "<group>"; };
		1B09DB2C1CCF1E7B00874F28 /* AWSLambda.framework */ = {isa = PBXFileReference; lastKnownFileType = wrapper.framework; name = AWSLambda.framework; path = AlphaTerriers/Sdk/Aws/AWSLambda.framework; sourceTree = "<group>"; };
		1B09DB2F1CCF1E9F00874F28 /* Alpha-Terriers-Bridging-Header.h */ = {isa = PBXFileReference; fileEncoding = 4; lastKnownFileType = sourcecode.c.h; name = "Alpha-Terriers-Bridging-Header.h"; path = "AlphaTerriers/Alpha-Terriers-Bridging-Header.h"; sourceTree = SOURCE_ROOT; };
		1B09DB301CCF1E9F00874F28 /* AmazonAws */ = {isa = PBXFileReference; lastKnownFileType = folder; name = AmazonAws; path = AlphaTerriers/AmazonAws; sourceTree = SOURCE_ROOT; };
		1B09DB311CCF1E9F00874F28 /* AppDelegate.swift */ = {isa = PBXFileReference; fileEncoding = 4; lastKnownFileType = sourcecode.swift; name = AppDelegate.swift; path = AlphaTerriers/AppDelegate.swift; sourceTree = SOURCE_ROOT; };
		1B09DB321CCF1E9F00874F28 /* Assets.xcassets */ = {isa = PBXFileReference; lastKnownFileType = folder.assetcatalog; name = Assets.xcassets; path = AlphaTerriers/Assets.xcassets; sourceTree = SOURCE_ROOT; };
		1B09DB331CCF1E9F00874F28 /* Base.lproj */ = {isa = PBXFileReference; lastKnownFileType = folder; name = Base.lproj; path = AlphaTerriers/Base.lproj; sourceTree = SOURCE_ROOT; };
		1B09DB341CCF1E9F00874F28 /* ButtonFunctions.cpp */ = {isa = PBXFileReference; fileEncoding = 4; lastKnownFileType = sourcecode.cpp.cpp; name = ButtonFunctions.cpp; path = AlphaTerriers/ButtonFunctions.cpp; sourceTree = SOURCE_ROOT; };
		1B09DB351CCF1E9F00874F28 /* ButtonFunctions.h */ = {isa = PBXFileReference; fileEncoding = 4; lastKnownFileType = sourcecode.c.h; name = ButtonFunctions.h; path = AlphaTerriers/ButtonFunctions.h; sourceTree = SOURCE_ROOT; };
		1B09DB361CCF1E9F00874F28 /* ClientClass.cpp */ = {isa = PBXFileReference; fileEncoding = 4; lastKnownFileType = sourcecode.cpp.cpp; name = ClientClass.cpp; path = AlphaTerriers/ClientClass.cpp; sourceTree = SOURCE_ROOT; };
		1B09DB371CCF1E9F00874F28 /* ClientClass.h */ = {isa = PBXFileReference; fileEncoding = 4; lastKnownFileType = sourcecode.c.h; name = ClientClass.h; path = AlphaTerriers/ClientClass.h; sourceTree = SOURCE_ROOT; };
		1B09DB381CCF1E9F00874F28 /* Images */ = {isa = PBXFileReference; lastKnownFileType = folder; name = Images; path = AlphaTerriers/Images; sourceTree = SOURCE_ROOT; };
		1B09DB391CCF1E9F00874F28 /* Info.plist */ = {isa = PBXFileReference; fileEncoding = 4; lastKnownFileType = text.plist.xml; name = Info.plist; path = AlphaTerriers/Info.plist; sourceTree = SOURCE_ROOT; };
		1B09DB3A1CCF1E9F00874F28 /* Launch Screen.storyboard */ = {isa = PBXFileReference; fileEncoding = 4; lastKnownFileType = file.storyboard; name = "Launch Screen.storyboard"; path = "AlphaTerriers/Launch Screen.storyboard"; sourceTree = SOURCE_ROOT; };
		1B09DB3B1CCF1E9F00874F28 /* LocationChallengeViewController.swift */ = {isa = PBXFileReference; fileEncoding = 4; lastKnownFileType = sourcecode.swift; name = LocationChallengeViewController.swift; path = AlphaTerriers/LocationChallengeViewController.swift; sourceTree = SOURCE_ROOT; };
		1B09DB3C1CCF1E9F00874F28 /* LocationDisplayViewController.swift */ = {isa = PBXFileReference; fileEncoding = 4; lastKnownFileType = sourcecode.swift; name = LocationDisplayViewController.swift; path = AlphaTerriers/LocationDisplayViewController.swift; sourceTree = SOURCE_ROOT; };
		1B09DB3D1CCF1E9F00874F28 /* LocationQuestionViewController.swift */ = {isa = PBXFileReference; fileEncoding = 4; lastKnownFileType = sourcecode.swift; name = LocationQuestionViewController.swift; path = AlphaTerriers/LocationQuestionViewController.swift; sourceTree = SOURCE_ROOT; };
		1B09DB3E1CCF1E9F00874F28 /* Main.storyboard */ = {isa = PBXFileReference; fileEncoding = 4; lastKnownFileType = file.storyboard; name = Main.storyboard; path = AlphaTerriers/Main.storyboard; sourceTree = SOURCE_ROOT; };
		1B09DB3F1CCF1E9F00874F28 /* MainViewController.swift */ = {isa = PBXFileReference; fileEncoding = 4; lastKnownFileType = sourcecode.swift; name = MainViewController.swift; path = AlphaTerriers/MainViewController.swift; sourceTree = SOURCE_ROOT; };
		1B09DB401CCF1E9F00874F28 /* Sdk */ = {isa = PBXFileReference; lastKnownFileType = folder; name = Sdk; path = AlphaTerriers/Sdk; sourceTree = SOURCE_ROOT; };
		1B09DB411CCF1E9F00874F28 /* SignIn.storyboard */ = {isa = PBXFileReference; fileEncoding = 4; lastKnownFileType = file.storyboard; name = SignIn.storyboard; path = AlphaTerriers/SignIn.storyboard; sourceTree = SOURCE_ROOT; };
		1B09DB421CCF1E9F00874F28 /* SignInViewController.swift */ = {isa = PBXFileReference; fileEncoding = 4; lastKnownFileType = sourcecode.swift; name = SignInViewController.swift; path = AlphaTerriers/SignInViewController.swift; sourceTree = SOURCE_ROOT; };
		1B09DB431CCF1E9F00874F28 /* UtilityFunctions.swift */ = {isa = PBXFileReference; fileEncoding = 4; lastKnownFileType = sourcecode.swift; name = UtilityFunctions.swift; path = AlphaTerriers/UtilityFunctions.swift; sourceTree = SOURCE_ROOT; };
		1B09DB441CCF1E9F00874F28 /* ViewController.swift */ = {isa = PBXFileReference; fileEncoding = 4; lastKnownFileType = sourcecode.swift; name = ViewController.swift; path = AlphaTerriers/ViewController.swift; sourceTree = SOURCE_ROOT; };
		1B09DB581CCF1F7100874F28 /* AWSMobileClient.swift */ = {isa = PBXFileReference; fileEncoding = 4; lastKnownFileType = sourcecode.swift; name = AWSMobileClient.swift; path = AlphaTerriers/AWSMobileClient.swift; sourceTree = SOURCE_ROOT; };
		1B3DB7781CD007C1008EABC5 /* Images.xcassets */ = {isa = PBXFileReference; lastKnownFileType = folder.assetcatalog; path = Images.xcassets; sourceTree = "<group>"; };
		1B3DB77A1CD00BBB008EABC5 /* MapKit.framework */ = {isa = PBXFileReference; lastKnownFileType = wrapper.framework; name = MapKit.framework; path = System/Library/Frameworks/MapKit.framework; sourceTree = SDKROOT; };
		1B3DB77C1CD01C6D008EABC5 /* LeaderboardViewController.swift */ = {isa = PBXFileReference; fileEncoding = 4; lastKnownFileType = sourcecode.swift; path = LeaderboardViewController.swift; sourceTree = "<group>"; };
/* End PBXFileReference section */

/* Begin PBXFrameworksBuildPhase section */
		1B09DA9C1CCF15BD00874F28 /* Frameworks */ = {
			isa = PBXFrameworksBuildPhase;
			buildActionMask = 2147483647;
			files = (
				1B3DB77B1CD00BBB008EABC5 /* MapKit.framework in Frameworks */,
				1B09DB5A1CCF223A00874F28 /* StoreKit.framework in Frameworks */,
				1B09DB2D1CCF1E7B00874F28 /* AWSLambda.framework in Frameworks */,
				1B09DB281CCF1E4200874F28 /* GoogleSignIn.framework in Frameworks */,
				1B09DB2A1CCF1E6600874F28 /* AWSCore.framework in Frameworks */,
				1B09DB261CCF1E3400874F28 /* AWSMobileHubHelper.framework in Frameworks */,
				1B09DB1B1CCF19A200874F28 /* libsqlite3.tbd in Frameworks */,
				1B09DB191CCF198E00874F28 /* libz.tbd in Frameworks */,
				1B09DB131CCF193E00874F28 /* AssetsLibrary.framework in Frameworks */,
				1B09DB111CCF193A00874F28 /* MediaPlayer.framework in Frameworks */,
				1B09DB0F1CCF193100874F28 /* Security.framework in Frameworks */,
				1B09DB0D1CCF192D00874F28 /* CoreMotion.framework in Frameworks */,
				1B09DB0B1CCF191000874F28 /* AddressBook.framework in Frameworks */,
				1B09DB091CCF190900874F28 /* UIKit.framework in Frameworks */,
				1B09DB071CCF18FE00874F28 /* Foundation.framework in Frameworks */,
				1B09DB051CCF18ED00874F28 /* SystemConfiguration.framework in Frameworks */,
				1B09DB011CCF18D400874F28 /* CoreLocation.framework in Frameworks */,
			);
			runOnlyForDeploymentPostprocessing = 0;
		};
		1B09DAB01CCF15BD00874F28 /* Frameworks */ = {
			isa = PBXFrameworksBuildPhase;
			buildActionMask = 2147483647;
			files = (
			);
			runOnlyForDeploymentPostprocessing = 0;
		};
		1B09DABB1CCF15BE00874F28 /* Frameworks */ = {
			isa = PBXFrameworksBuildPhase;
			buildActionMask = 2147483647;
			files = (
			);
			runOnlyForDeploymentPostprocessing = 0;
		};
/* End PBXFrameworksBuildPhase section */

/* Begin PBXGroup section */
		1B09DA961CCF15BD00874F28 = {
			isa = PBXGroup;
			children = (
				1B3DB77A1CD00BBB008EABC5 /* MapKit.framework */,
				1B09DB2C1CCF1E7B00874F28 /* AWSLambda.framework */,
				1B09DB291CCF1E6600874F28 /* AWSCore.framework */,
				1B09DB271CCF1E4200874F28 /* GoogleSignIn.framework */,
				1B09DB251CCF1E3400874F28 /* AWSMobileHubHelper.framework */,
				1B09DB1A1CCF19A200874F28 /* libsqlite3.tbd */,
				1B09DB181CCF198E00874F28 /* libz.tbd */,
				1B09DB121CCF193E00874F28 /* AssetsLibrary.framework */,
				1B09DB101CCF193A00874F28 /* MediaPlayer.framework */,
				1B09DB0E1CCF193100874F28 /* Security.framework */,
				1B09DB0C1CCF192C00874F28 /* CoreMotion.framework */,
				1B09DB0A1CCF191000874F28 /* AddressBook.framework */,
				1B09DB081CCF190900874F28 /* UIKit.framework */,
				1B09DB061CCF18FE00874F28 /* Foundation.framework */,
				1B09DB041CCF18ED00874F28 /* SystemConfiguration.framework */,
				1B09DB021CCF18DD00874F28 /* StoreKit.framework */,
				1B09DB001CCF18D400874F28 /* CoreLocation.framework */,
				1B09DAA11CCF15BD00874F28 /* Alpha Terriers */,
				1B09DAB61CCF15BE00874F28 /* Alpha TerriersTests */,
				1B09DAC11CCF15BE00874F28 /* Alpha TerriersUITests */,
				1B09DAA01CCF15BD00874F28 /* Products */,
			);
			sourceTree = "<group>";
		};
		1B09DAA01CCF15BD00874F28 /* Products */ = {
			isa = PBXGroup;
			children = (
				1B09DA9F1CCF15BD00874F28 /* Alpha Terriers.app */,
				1B09DAB31CCF15BD00874F28 /* Alpha TerriersTests.xctest */,
				1B09DABE1CCF15BE00874F28 /* Alpha TerriersUITests.xctest */,
			);
			name = Products;
			sourceTree = "<group>";
		};
		1B09DAA11CCF15BD00874F28 /* Alpha Terriers */ = {
			isa = PBXGroup;
			children = (
				1B09DB2F1CCF1E9F00874F28 /* Alpha-Terriers-Bridging-Header.h */,
				1B09DB301CCF1E9F00874F28 /* AmazonAws */,
				1B09DB311CCF1E9F00874F28 /* AppDelegate.swift */,
				1B09DB321CCF1E9F00874F28 /* Assets.xcassets */,
				1B09DB331CCF1E9F00874F28 /* Base.lproj */,
				1B09DB341CCF1E9F00874F28 /* ButtonFunctions.cpp */,
				1B09DB351CCF1E9F00874F28 /* ButtonFunctions.h */,
				1B09DB361CCF1E9F00874F28 /* ClientClass.cpp */,
				1B09DB371CCF1E9F00874F28 /* ClientClass.h */,
				1B09DB381CCF1E9F00874F28 /* Images */,
				1B09DB391CCF1E9F00874F28 /* Info.plist */,
				1B09DB3A1CCF1E9F00874F28 /* Launch Screen.storyboard */,
				1B09DB3B1CCF1E9F00874F28 /* LocationChallengeViewController.swift */,
				1B09DB3C1CCF1E9F00874F28 /* LocationDisplayViewController.swift */,
				1B09DB581CCF1F7100874F28 /* AWSMobileClient.swift */,
				1B09DB3D1CCF1E9F00874F28 /* LocationQuestionViewController.swift */,
				1B09DB3E1CCF1E9F00874F28 /* Main.storyboard */,
				1B09DB3F1CCF1E9F00874F28 /* MainViewController.swift */,
				1B3DB77C1CD01C6D008EABC5 /* LeaderboardViewController.swift */,
				1B09DB401CCF1E9F00874F28 /* Sdk */,
				1B09DB411CCF1E9F00874F28 /* SignIn.storyboard */,
				1B09DB421CCF1E9F00874F28 /* SignInViewController.swift */,
				1B09DB431CCF1E9F00874F28 /* UtilityFunctions.swift */,
				1B09DB441CCF1E9F00874F28 /* ViewController.swift */,
				1B3DB7781CD007C1008EABC5 /* Images.xcassets */,
			);
			path = "Alpha Terriers";
			sourceTree = "<group>";
		};
		1B09DAB61CCF15BE00874F28 /* Alpha TerriersTests */ = {
			isa = PBXGroup;
			children = (
				1B09DAB71CCF15BE00874F28 /* Alpha_TerriersTests.swift */,
				1B09DAB91CCF15BE00874F28 /* Info.plist */,
			);
			path = "Alpha TerriersTests";
			sourceTree = "<group>";
		};
		1B09DAC11CCF15BE00874F28 /* Alpha TerriersUITests */ = {
			isa = PBXGroup;
			children = (
				1B09DAC21CCF15BE00874F28 /* Alpha_TerriersUITests.swift */,
				1B09DAC41CCF15BE00874F28 /* Info.plist */,
			);
			path = "Alpha TerriersUITests";
			sourceTree = "<group>";
		};
/* End PBXGroup section */

/* Begin PBXNativeTarget section */
		1B09DA9E1CCF15BD00874F28 /* Alpha Terriers */ = {
			isa = PBXNativeTarget;
			buildConfigurationList = 1B09DAC71CCF15BE00874F28 /* Build configuration list for PBXNativeTarget "Alpha Terriers" */;
			buildPhases = (
				1B09DA9B1CCF15BD00874F28 /* Sources */,
				1B09DA9C1CCF15BD00874F28 /* Frameworks */,
				1B09DA9D1CCF15BD00874F28 /* Resources */,
				1B09DAFC1CCF18BA00874F28 /* Embed Frameworks */,
			);
			buildRules = (
			);
			dependencies = (
			);
			name = "Alpha Terriers";
			productName = "Alpha Terriers";
			productReference = 1B09DA9F1CCF15BD00874F28 /* Alpha Terriers.app */;
			productType = "com.apple.product-type.application";
		};
		1B09DAB21CCF15BD00874F28 /* Alpha TerriersTests */ = {
			isa = PBXNativeTarget;
			buildConfigurationList = 1B09DACA1CCF15BE00874F28 /* Build configuration list for PBXNativeTarget "Alpha TerriersTests" */;
			buildPhases = (
				1B09DAAF1CCF15BD00874F28 /* Sources */,
				1B09DAB01CCF15BD00874F28 /* Frameworks */,
				1B09DAB11CCF15BD00874F28 /* Resources */,
			);
			buildRules = (
			);
			dependencies = (
				1B09DAB51CCF15BD00874F28 /* PBXTargetDependency */,
			);
			name = "Alpha TerriersTests";
			productName = "Alpha TerriersTests";
			productReference = 1B09DAB31CCF15BD00874F28 /* Alpha TerriersTests.xctest */;
			productType = "com.apple.product-type.bundle.unit-test";
		};
		1B09DABD1CCF15BE00874F28 /* Alpha TerriersUITests */ = {
			isa = PBXNativeTarget;
			buildConfigurationList = 1B09DACD1CCF15BE00874F28 /* Build configuration list for PBXNativeTarget "Alpha TerriersUITests" */;
			buildPhases = (
				1B09DABA1CCF15BE00874F28 /* Sources */,
				1B09DABB1CCF15BE00874F28 /* Frameworks */,
				1B09DABC1CCF15BE00874F28 /* Resources */,
			);
			buildRules = (
			);
			dependencies = (
				1B09DAC01CCF15BE00874F28 /* PBXTargetDependency */,
			);
			name = "Alpha TerriersUITests";
			productName = "Alpha TerriersUITests";
			productReference = 1B09DABE1CCF15BE00874F28 /* Alpha TerriersUITests.xctest */;
			productType = "com.apple.product-type.bundle.ui-testing";
		};
/* End PBXNativeTarget section */

/* Begin PBXProject section */
		1B09DA971CCF15BD00874F28 /* Project object */ = {
			isa = PBXProject;
			attributes = {
				LastSwiftUpdateCheck = 0730;
				LastUpgradeCheck = 0730;
				ORGANIZATIONNAME = "Christopher Liao";
				TargetAttributes = {
					1B09DA9E1CCF15BD00874F28 = {
						CreatedOnToolsVersion = 7.3;
						DevelopmentTeam = XH8N3376K2;
					};
					1B09DAB21CCF15BD00874F28 = {
						CreatedOnToolsVersion = 7.3;
						TestTargetID = 1B09DA9E1CCF15BD00874F28;
					};
					1B09DABD1CCF15BE00874F28 = {
						CreatedOnToolsVersion = 7.3;
						TestTargetID = 1B09DA9E1CCF15BD00874F28;
					};
				};
			};
			buildConfigurationList = 1B09DA9A1CCF15BD00874F28 /* Build configuration list for PBXProject "Alpha Terriers" */;
			compatibilityVersion = "Xcode 3.2";
			developmentRegion = English;
			hasScannedForEncodings = 0;
			knownRegions = (
				en,
				Base,
			);
			mainGroup = 1B09DA961CCF15BD00874F28;
			productRefGroup = 1B09DAA01CCF15BD00874F28 /* Products */;
			projectDirPath = "";
			projectRoot = "";
			targets = (
				1B09DA9E1CCF15BD00874F28 /* Alpha Terriers */,
				1B09DAB21CCF15BD00874F28 /* Alpha TerriersTests */,
				1B09DABD1CCF15BE00874F28 /* Alpha TerriersUITests */,
			);
		};
/* End PBXProject section */

/* Begin PBXResourcesBuildPhase section */
		1B09DA9D1CCF15BD00874F28 /* Resources */ = {
			isa = PBXResourcesBuildPhase;
			buildActionMask = 2147483647;
			files = (
				1B09DB511CCF1E9F00874F28 /* Main.storyboard in Resources */,
				1B3DB7791CD007C1008EABC5 /* Images.xcassets in Resources */,
				1B09DB4D1CCF1E9F00874F28 /* Launch Screen.storyboard in Resources */,
				1B09DB4B1CCF1E9F00874F28 /* Images in Resources */,
				1B09DB471CCF1E9F00874F28 /* Assets.xcassets in Resources */,
				1B09DB541CCF1E9F00874F28 /* SignIn.storyboard in Resources */,
				1B09DB481CCF1E9F00874F28 /* Base.lproj in Resources */,
				1B09DB531CCF1E9F00874F28 /* Sdk in Resources */,
				1B09DB4C1CCF1E9F00874F28 /* Info.plist in Resources */,
				1B09DB451CCF1E9F00874F28 /* AmazonAws in Resources */,
			);
			runOnlyForDeploymentPostprocessing = 0;
		};
		1B09DAB11CCF15BD00874F28 /* Resources */ = {
			isa = PBXResourcesBuildPhase;
			buildActionMask = 2147483647;
			files = (
			);
			runOnlyForDeploymentPostprocessing = 0;
		};
		1B09DABC1CCF15BE00874F28 /* Resources */ = {
			isa = PBXResourcesBuildPhase;
			buildActionMask = 2147483647;
			files = (
			);
			runOnlyForDeploymentPostprocessing = 0;
		};
/* End PBXResourcesBuildPhase section */

/* Begin PBXSourcesBuildPhase section */
		1B09DA9B1CCF15BD00874F28 /* Sources */ = {
			isa = PBXSourcesBuildPhase;
			buildActionMask = 2147483647;
			files = (
				1B09DB571CCF1E9F00874F28 /* ViewController.swift in Sources */,
				1B09DB561CCF1E9F00874F28 /* UtilityFunctions.swift in Sources */,
				1B09DB521CCF1E9F00874F28 /* MainViewController.swift in Sources */,
				1B09DB591CCF1F7100874F28 /* AWSMobileClient.swift in Sources */,
				1B09DB4A1CCF1E9F00874F28 /* ClientClass.cpp in Sources */,
				1B09DB461CCF1E9F00874F28 /* AppDelegate.swift in Sources */,
				1B09DB491CCF1E9F00874F28 /* ButtonFunctions.cpp in Sources */,
				1B09DB551CCF1E9F00874F28 /* SignInViewController.swift in Sources */,
				1B09DB4F1CCF1E9F00874F28 /* LocationDisplayViewController.swift in Sources */,
				1B09DB4E1CCF1E9F00874F28 /* LocationChallengeViewController.swift in Sources */,
				1B3DB77D1CD01C6D008EABC5 /* LeaderboardViewController.swift in Sources */,
				1B09DB501CCF1E9F00874F28 /* LocationQuestionViewController.swift in Sources */,
			);
			runOnlyForDeploymentPostprocessing = 0;
		};
		1B09DAAF1CCF15BD00874F28 /* Sources */ = {
			isa = PBXSourcesBuildPhase;
			buildActionMask = 2147483647;
			files = (
				1B09DAB81CCF15BE00874F28 /* Alpha_TerriersTests.swift in Sources */,
			);
			runOnlyForDeploymentPostprocessing = 0;
		};
		1B09DABA1CCF15BE00874F28 /* Sources */ = {
			isa = PBXSourcesBuildPhase;
			buildActionMask = 2147483647;
			files = (
				1B09DAC31CCF15BE00874F28 /* Alpha_TerriersUITests.swift in Sources */,
			);
			runOnlyForDeploymentPostprocessing = 0;
		};
/* End PBXSourcesBuildPhase section */

/* Begin PBXTargetDependency section */
		1B09DAB51CCF15BD00874F28 /* PBXTargetDependency */ = {
			isa = PBXTargetDependency;
			target = 1B09DA9E1CCF15BD00874F28 /* Alpha Terriers */;
			targetProxy = 1B09DAB41CCF15BD00874F28 /* PBXContainerItemProxy */;
		};
		1B09DAC01CCF15BE00874F28 /* PBXTargetDependency */ = {
			isa = PBXTargetDependency;
			target = 1B09DA9E1CCF15BD00874F28 /* Alpha Terriers */;
			targetProxy = 1B09DABF1CCF15BE00874F28 /* PBXContainerItemProxy */;
		};
/* End PBXTargetDependency section */

/* Begin XCBuildConfiguration section */
		1B09DAC51CCF15BE00874F28 /* Debug */ = {
			isa = XCBuildConfiguration;
			buildSettings = {
				ALWAYS_SEARCH_USER_PATHS = NO;
				CLANG_ANALYZER_NONNULL = YES;
				CLANG_CXX_LANGUAGE_STANDARD = "gnu++0x";
				CLANG_CXX_LIBRARY = "libc++";
				CLANG_ENABLE_MODULES = YES;
				CLANG_ENABLE_OBJC_ARC = YES;
				CLANG_WARN_BOOL_CONVERSION = YES;
				CLANG_WARN_CONSTANT_CONVERSION = YES;
				CLANG_WARN_DIRECT_OBJC_ISA_USAGE = YES_ERROR;
				CLANG_WARN_EMPTY_BODY = YES;
				CLANG_WARN_ENUM_CONVERSION = YES;
				CLANG_WARN_INT_CONVERSION = YES;
				CLANG_WARN_OBJC_ROOT_CLASS = YES_ERROR;
				CLANG_WARN_UNREACHABLE_CODE = YES;
				CLANG_WARN__DUPLICATE_METHOD_MATCH = YES;
				CODE_SIGN_IDENTITY = "iPhone Developer: joshua.lippai@gmail.com (NPVJU5M5U2)";
				"CODE_SIGN_IDENTITY[sdk=iphoneos*]" = "iPhone Developer";
				COPY_PHASE_STRIP = NO;
				DEBUG_INFORMATION_FORMAT = dwarf;
				ENABLE_STRICT_OBJC_MSGSEND = YES;
				ENABLE_TESTABILITY = YES;
				GCC_C_LANGUAGE_STANDARD = gnu99;
				GCC_DYNAMIC_NO_PIC = NO;
				GCC_NO_COMMON_BLOCKS = YES;
				GCC_OPTIMIZATION_LEVEL = 0;
				GCC_PREPROCESSOR_DEFINITIONS = (
					"DEBUG=1",
					"$(inherited)",
				);
				GCC_WARN_64_TO_32_BIT_CONVERSION = YES;
				GCC_WARN_ABOUT_RETURN_TYPE = YES_ERROR;
				GCC_WARN_UNDECLARED_SELECTOR = YES;
				GCC_WARN_UNINITIALIZED_AUTOS = YES_AGGRESSIVE;
				GCC_WARN_UNUSED_FUNCTION = YES;
				GCC_WARN_UNUSED_VARIABLE = YES;
				IPHONEOS_DEPLOYMENT_TARGET = 9.3;
				MTL_ENABLE_DEBUG_INFO = YES;
				ONLY_ACTIVE_ARCH = YES;
				SDKROOT = iphoneos;
				SWIFT_OPTIMIZATION_LEVEL = "-Onone";
				TARGETED_DEVICE_FAMILY = "1,2";
			};
			name = Debug;
		};
		1B09DAC61CCF15BE00874F28 /* Release */ = {
			isa = XCBuildConfiguration;
			buildSettings = {
				ALWAYS_SEARCH_USER_PATHS = NO;
				CLANG_ANALYZER_NONNULL = YES;
				CLANG_CXX_LANGUAGE_STANDARD = "gnu++0x";
				CLANG_CXX_LIBRARY = "libc++";
				CLANG_ENABLE_MODULES = YES;
				CLANG_ENABLE_OBJC_ARC = YES;
				CLANG_WARN_BOOL_CONVERSION = YES;
				CLANG_WARN_CONSTANT_CONVERSION = YES;
				CLANG_WARN_DIRECT_OBJC_ISA_USAGE = YES_ERROR;
				CLANG_WARN_EMPTY_BODY = YES;
				CLANG_WARN_ENUM_CONVERSION = YES;
				CLANG_WARN_INT_CONVERSION = YES;
				CLANG_WARN_OBJC_ROOT_CLASS = YES_ERROR;
				CLANG_WARN_UNREACHABLE_CODE = YES;
				CLANG_WARN__DUPLICATE_METHOD_MATCH = YES;
				CODE_SIGN_IDENTITY = "iPhone Developer: joshua.lippai@gmail.com (NPVJU5M5U2)";
				"CODE_SIGN_IDENTITY[sdk=iphoneos*]" = "iPhone Developer";
				COPY_PHASE_STRIP = NO;
				DEBUG_INFORMATION_FORMAT = "dwarf-with-dsym";
				ENABLE_NS_ASSERTIONS = NO;
				ENABLE_STRICT_OBJC_MSGSEND = YES;
				GCC_C_LANGUAGE_STANDARD = gnu99;
				GCC_NO_COMMON_BLOCKS = YES;
				GCC_WARN_64_TO_32_BIT_CONVERSION = YES;
				GCC_WARN_ABOUT_RETURN_TYPE = YES_ERROR;
				GCC_WARN_UNDECLARED_SELECTOR = YES;
				GCC_WARN_UNINITIALIZED_AUTOS = YES_AGGRESSIVE;
				GCC_WARN_UNUSED_FUNCTION = YES;
				GCC_WARN_UNUSED_VARIABLE = YES;
				IPHONEOS_DEPLOYMENT_TARGET = 9.3;
				MTL_ENABLE_DEBUG_INFO = NO;
				SDKROOT = iphoneos;
				TARGETED_DEVICE_FAMILY = "1,2";
				VALIDATE_PRODUCT = YES;
			};
			name = Release;
		};
		1B09DAC81CCF15BE00874F28 /* Debug */ = {
			isa = XCBuildConfiguration;
			buildSettings = {
				ASSETCATALOG_COMPILER_APPICON_NAME = AppIcon;
				ASSETCATALOG_COMPILER_LAUNCHIMAGE_NAME = "Brand Assets";
				CLANG_ENABLE_MODULES = YES;
				CODE_SIGN_IDENTITY = "iPhone Developer";
				"CODE_SIGN_IDENTITY[sdk=iphoneos*]" = "iPhone Developer";
				ENABLE_BITCODE = NO;
				FRAMEWORK_SEARCH_PATHS = (
					"$(inherited)",
					"$(PROJECT_DIR)/Alpha",
					Terriers/Sdk/Aws,
					"$(PROJECT_DIR)/Alpha",
					Terriers/Sdk/Google,
					"$(PROJECT_DIR)/Alpha",
					Terriers/AmazonAws,
					"$(PROJECT_DIR)/AlphaTerriers/AmazonAws",
					"$(PROJECT_DIR)/AlphaTerriers/Sdk/Google",
					"$(PROJECT_DIR)/AlphaTerriers/Sdk/Aws",
				);
				INFOPLIST_FILE = "$(SRCROOT)/AlphaTerriers/Info.plist";
				LD_RUNPATH_SEARCH_PATHS = "$(inherited) @executable_path/Frameworks";
				OTHER_LDFLAGS = (
					"-force_load",
					"$(PROJECT_DIR)/AlphaTerriers/Sdk/Google/GoogleSignIn.framework/GoogleSignIn",
					"$(OTHER_LDFLAGS)",
				);
				PRODUCT_BUNDLE_IDENTIFIER = "BU.Alpha-Terriers";
				PRODUCT_NAME = "$(TARGET_NAME)";
				PROVISIONING_PROFILE = "";
				SWIFT_OBJC_BRIDGING_HEADER = "AlphaTerriers/Alpha-Terriers-Bridging-Header.h";
				SWIFT_OPTIMIZATION_LEVEL = "-Onone";
				VALID_ARCHS = "armv7 armv7s arm64";
			};
			name = Debug;
		};
		1B09DAC91CCF15BE00874F28 /* Release */ = {
			isa = XCBuildConfiguration;
			buildSettings = {
				ASSETCATALOG_COMPILER_APPICON_NAME = AppIcon;
				ASSETCATALOG_COMPILER_LAUNCHIMAGE_NAME = "Brand Assets";
				CLANG_ENABLE_MODULES = YES;
				CODE_SIGN_IDENTITY = "iPhone Developer";
				"CODE_SIGN_IDENTITY[sdk=iphoneos*]" = "iPhone Developer";
				ENABLE_BITCODE = NO;
				FRAMEWORK_SEARCH_PATHS = (
					"$(inherited)",
					"$(PROJECT_DIR)/Alpha",
					Terriers/Sdk/Aws,
					"$(PROJECT_DIR)/Alpha",
					Terriers/Sdk/Google,
					"$(PROJECT_DIR)/Alpha",
					Terriers/AmazonAws,
					"$(PROJECT_DIR)/AlphaTerriers/AmazonAws",
					"$(PROJECT_DIR)/AlphaTerriers/Sdk/Google",
					"$(PROJECT_DIR)/AlphaTerriers/Sdk/Aws",
				);
				INFOPLIST_FILE = "$(SRCROOT)/AlphaTerriers/Info.plist";
				LD_RUNPATH_SEARCH_PATHS = "$(inherited) @executable_path/Frameworks";
				OTHER_LDFLAGS = (
					"-force_load",
					"$(PROJECT_DIR)/AlphaTerriers/Sdk/Google/GoogleSignIn.framework/GoogleSignIn",
					"$(OTHER_LDFLAGS)",
				);
				PRODUCT_BUNDLE_IDENTIFIER = "BU.Alpha-Terriers";
				PRODUCT_NAME = "$(TARGET_NAME)";
				PROVISIONING_PROFILE = "";
				SWIFT_OBJC_BRIDGING_HEADER = "AlphaTerriers/Alpha-Terriers-Bridging-Header.h";
				VALID_ARCHS = "armv7 armv7s arm64";
			};
			name = Release;
		};
		1B09DACB1CCF15BE00874F28 /* Debug */ = {
			isa = XCBuildConfiguration;
			buildSettings = {
				BUNDLE_LOADER = "$(TEST_HOST)";
				INFOPLIST_FILE = "Alpha TerriersTests/Info.plist";
				LD_RUNPATH_SEARCH_PATHS = "$(inherited) @executable_path/Frameworks @loader_path/Frameworks";
				PRODUCT_BUNDLE_IDENTIFIER = "BU.Alpha-TerriersTests";
				PRODUCT_NAME = "$(TARGET_NAME)";
				TEST_HOST = "$(BUILT_PRODUCTS_DIR)/Alpha Terriers.app/Alpha Terriers";
			};
			name = Debug;
		};
		1B09DACC1CCF15BE00874F28 /* Release */ = {
			isa = XCBuildConfiguration;
			buildSettings = {
				BUNDLE_LOADER = "$(TEST_HOST)";
				INFOPLIST_FILE = "Alpha TerriersTests/Info.plist";
				LD_RUNPATH_SEARCH_PATHS = "$(inherited) @executable_path/Frameworks @loader_path/Frameworks";
				PRODUCT_BUNDLE_IDENTIFIER = "BU.Alpha-TerriersTests";
				PRODUCT_NAME = "$(TARGET_NAME)";
				TEST_HOST = "$(BUILT_PRODUCTS_DIR)/Alpha Terriers.app/Alpha Terriers";
			};
			name = Release;
		};
		1B09DACE1CCF15BE00874F28 /* Debug */ = {
			isa = XCBuildConfiguration;
			buildSettings = {
				INFOPLIST_FILE = "Alpha TerriersUITests/Info.plist";
				LD_RUNPATH_SEARCH_PATHS = "$(inherited) @executable_path/Frameworks @loader_path/Frameworks";
				PRODUCT_BUNDLE_IDENTIFIER = "BU.Alpha-TerriersUITests";
				PRODUCT_NAME = "$(TARGET_NAME)";
				TEST_TARGET_NAME = "Alpha Terriers";
			};
			name = Debug;
		};
		1B09DACF1CCF15BE00874F28 /* Release */ = {
			isa = XCBuildConfiguration;
			buildSettings = {
				INFOPLIST_FILE = "Alpha TerriersUITests/Info.plist";
				LD_RUNPATH_SEARCH_PATHS = "$(inherited) @executable_path/Frameworks @loader_path/Frameworks";
				PRODUCT_BUNDLE_IDENTIFIER = "BU.Alpha-TerriersUITests";
				PRODUCT_NAME = "$(TARGET_NAME)";
				TEST_TARGET_NAME = "Alpha Terriers";
			};
			name = Release;
		};
/* End XCBuildConfiguration section */

/* Begin XCConfigurationList section */
		1B09DA9A1CCF15BD00874F28 /* Build configuration list for PBXProject "Alpha Terriers" */ = {
			isa = XCConfigurationList;
			buildConfigurations = (
				1B09DAC51CCF15BE00874F28 /* Debug */,
				1B09DAC61CCF15BE00874F28 /* Release */,
			);
			defaultConfigurationIsVisible = 0;
			defaultConfigurationName = Release;
		};
		1B09DAC71CCF15BE00874F28 /* Build configuration list for PBXNativeTarget "Alpha Terriers" */ = {
			isa = XCConfigurationList;
			buildConfigurations = (
				1B09DAC81CCF15BE00874F28 /* Debug */,
				1B09DAC91CCF15BE00874F28 /* Release */,
			);
			defaultConfigurationIsVisible = 0;
			defaultConfigurationName = Release;
		};
		1B09DACA1CCF15BE00874F28 /* Build configuration list for PBXNativeTarget "Alpha TerriersTests" */ = {
			isa = XCConfigurationList;
			buildConfigurations = (
				1B09DACB1CCF15BE00874F28 /* Debug */,
				1B09DACC1CCF15BE00874F28 /* Release */,
			);
			defaultConfigurationIsVisible = 0;
			defaultConfigurationName = Release;
		};
		1B09DACD1CCF15BE00874F28 /* Build configuration list for PBXNativeTarget "Alpha TerriersUITests" */ = {
			isa = XCConfigurationList;
			buildConfigurations = (
				1B09DACE1CCF15BE00874F28 /* Debug */,
				1B09DACF1CCF15BE00874F28 /* Release */,
			);
			defaultConfigurationIsVisible = 0;
			defaultConfigurationName = Release;
		};
/* End XCConfigurationList section */
	};
	rootObject = 1B09DA971CCF15BD00874F28 /* Project object */;
}
